
Microsoft Visual Studio Solution File, Format Version 12.00
# Visual Studio Version 17
VisualStudioVersion = 17.0.31903.59
MinimumVisualStudioVersion = 10.0.40219.1
Project("{2150E333-8FDC-42A3-9474-1A3956D46DE8}") = "src", "src", "{4905E9EF-F09E-4ADA-8654-63C17FB95F51}"
EndProject
Project("{FAE04EC0-301F-11D3-BF4B-00C04F79EFBC}") = "MultiAgentSample.Cli", "src\MultiAgentSample.Cli\MultiAgentSample.Cli.csproj", "{ABD5F17E-A2A3-498B-A358-F2F99373AB8B}"
EndProject
Global
	GlobalSection(SolutionConfigurationPlatforms) = preSolution
		Debug|Any CPU = Debug|Any CPU
		Release|Any CPU = Release|Any CPU
	EndGlobalSection
	GlobalSection(SolutionProperties) = preSolution
		HideSolutionNode = FALSE
	EndGlobalSection
	GlobalSection(ProjectConfigurationPlatforms) = postSolution
		{ABD5F17E-A2A3-498B-A358-F2F99373AB8B}.Debug|Any CPU.ActiveCfg = Debug|Any CPU
		{ABD5F17E-A2A3-498B-A358-F2F99373AB8B}.Debug|Any CPU.Build.0 = Debug|Any CPU
		{ABD5F17E-A2A3-498B-A358-F2F99373AB8B}.Release|Any CPU.ActiveCfg = Release|Any CPU
		{ABD5F17E-A2A3-498B-A358-F2F99373AB8B}.Release|Any CPU.Build.0 = Release|Any CPU
	EndGlobalSection
	GlobalSection(NestedProjects) = preSolution
		{ABD5F17E-A2A3-498B-A358-F2F99373AB8B} = {4905E9EF-F09E-4ADA-8654-63C17FB95F51}
	EndGlobalSection
EndGlobal
